
Microsoft Visual Studio Solution File, Format Version 12.00
# Visual Studio Version 17
VisualStudioVersion = 17.5.33414.496
MinimumVisualStudioVersion = 10.0.40219.1
Project("{2150E333-8FDC-42A3-9474-1A3956D46DE8}") = "Solution Items", "Solution Items", "{A459680D-A19E-432B-82B0-960ADD42745C}"
	ProjectSection(SolutionItems) = preProject
		.editorconfig = .editorconfig
	EndProjectSection
EndProject
Project("{2150E333-8FDC-42A3-9474-1A3956D46DE8}") = "Services", "Services", "{EEA84132-EB33-4865-AD30-CB3AC5D749D5}"
EndProject
Project("{2150E333-8FDC-42A3-9474-1A3956D46DE8}") = "Forms", "Forms", "{CB56AE69-BE1D-44B7-98E9-D7FF2AE89AAE}"
EndProject
Project("{2150E333-8FDC-42A3-9474-1A3956D46DE8}") = "Clients", "Clients", "{5327718E-AA54-4ABF-AE12-57F2E2DD907C}"
EndProject
Project("{2150E333-8FDC-42A3-9474-1A3956D46DE8}") = "Gateways", "Gateways", "{1FE1CC74-A308-4D8F-A63F-735256EDE6D8}"
EndProject
Project("{9A19103F-16F7-4668-BE54-9A1E7A4F7556}") = "Application", "Services\Forms\Application\Application.csproj", "{AF12D508-FBD0-4E60-8076-1B64B4F976AE}"
EndProject
Project("{9A19103F-16F7-4668-BE54-9A1E7A4F7556}") = "Infrastructure", "Services\Forms\Infrastructure\Infrastructure.csproj", "{EB878EE3-8903-4701-8204-6E123DD9A001}"
EndProject
Project("{9A19103F-16F7-4668-BE54-9A1E7A4F7556}") = "Domain", "Services\Forms\Domain\Domain.csproj", "{D7D59AA8-3D66-4924-9356-F6FD89BD982A}"
EndProject
Project("{9A19103F-16F7-4668-BE54-9A1E7A4F7556}") = "Presentation", "Services\Forms\Presentation\Presentation.csproj", "{66E190CE-5E25-4408-B87F-012386CA90C8}"
EndProject
Global
	GlobalSection(SolutionConfigurationPlatforms) = preSolution
		Debug|Any CPU = Debug|Any CPU
		Release|Any CPU = Release|Any CPU
	EndGlobalSection
	GlobalSection(ProjectConfigurationPlatforms) = postSolution
		{AF12D508-FBD0-4E60-8076-1B64B4F976AE}.Debug|Any CPU.ActiveCfg = Debug|Any CPU
		{AF12D508-FBD0-4E60-8076-1B64B4F976AE}.Debug|Any CPU.Build.0 = Debug|Any CPU
		{AF12D508-FBD0-4E60-8076-1B64B4F976AE}.Release|Any CPU.ActiveCfg = Release|Any CPU
		{AF12D508-FBD0-4E60-8076-1B64B4F976AE}.Release|Any CPU.Build.0 = Release|Any CPU
		{EB878EE3-8903-4701-8204-6E123DD9A001}.Debug|Any CPU.ActiveCfg = Debug|Any CPU
		{EB878EE3-8903-4701-8204-6E123DD9A001}.Debug|Any CPU.Build.0 = Debug|Any CPU
		{EB878EE3-8903-4701-8204-6E123DD9A001}.Release|Any CPU.ActiveCfg = Release|Any CPU
		{EB878EE3-8903-4701-8204-6E123DD9A001}.Release|Any CPU.Build.0 = Release|Any CPU
		{D7D59AA8-3D66-4924-9356-F6FD89BD982A}.Debug|Any CPU.ActiveCfg = Debug|Any CPU
		{D7D59AA8-3D66-4924-9356-F6FD89BD982A}.Debug|Any CPU.Build.0 = Debug|Any CPU
		{D7D59AA8-3D66-4924-9356-F6FD89BD982A}.Release|Any CPU.ActiveCfg = Release|Any CPU
		{D7D59AA8-3D66-4924-9356-F6FD89BD982A}.Release|Any CPU.Build.0 = Release|Any CPU
		{66E190CE-5E25-4408-B87F-012386CA90C8}.Debug|Any CPU.ActiveCfg = Debug|Any CPU
		{66E190CE-5E25-4408-B87F-012386CA90C8}.Debug|Any CPU.Build.0 = Debug|Any CPU
		{66E190CE-5E25-4408-B87F-012386CA90C8}.Release|Any CPU.ActiveCfg = Release|Any CPU
		{66E190CE-5E25-4408-B87F-012386CA90C8}.Release|Any CPU.Build.0 = Release|Any CPU
	EndGlobalSection
	GlobalSection(SolutionProperties) = preSolution
		HideSolutionNode = FALSE
	EndGlobalSection
	GlobalSection(NestedProjects) = preSolution
		{CB56AE69-BE1D-44B7-98E9-D7FF2AE89AAE} = {EEA84132-EB33-4865-AD30-CB3AC5D749D5}
		{AF12D508-FBD0-4E60-8076-1B64B4F976AE} = {CB56AE69-BE1D-44B7-98E9-D7FF2AE89AAE}
		{EB878EE3-8903-4701-8204-6E123DD9A001} = {CB56AE69-BE1D-44B7-98E9-D7FF2AE89AAE}
		{D7D59AA8-3D66-4924-9356-F6FD89BD982A} = {CB56AE69-BE1D-44B7-98E9-D7FF2AE89AAE}
		{66E190CE-5E25-4408-B87F-012386CA90C8} = {CB56AE69-BE1D-44B7-98E9-D7FF2AE89AAE}
	EndGlobalSection
	GlobalSection(ExtensibilityGlobals) = postSolution
		SolutionGuid = {7B55007A-667E-4B6C-8191-2B44D3B586F5}
	EndGlobalSection
EndGlobal
