
Microsoft Visual Studio Solution File, Format Version 12.00
# Visual Studio Version 17
VisualStudioVersion = 17.5.33414.496
MinimumVisualStudioVersion = 10.0.40219.1
Project("{2150E333-8FDC-42A3-9474-1A3956D46DE8}") = "Solution Items", "Solution Items", "{A459680D-A19E-432B-82B0-960ADD42745C}"
	ProjectSection(SolutionItems) = preProject
		.editorconfig = .editorconfig
	EndProjectSection
EndProject
Project("{2150E333-8FDC-42A3-9474-1A3956D46DE8}") = "Services", "Services", "{EEA84132-EB33-4865-AD30-CB3AC5D749D5}"
EndProject
Project("{2150E333-8FDC-42A3-9474-1A3956D46DE8}") = "Forms", "Forms", "{CB56AE69-BE1D-44B7-98E9-D7FF2AE89AAE}"
EndProject
Project("{2150E333-8FDC-42A3-9474-1A3956D46DE8}") = "Clients", "Clients", "{5327718E-AA54-4ABF-AE12-57F2E2DD907C}"
EndProject
Project("{2150E333-8FDC-42A3-9474-1A3956D46DE8}") = "Gateways", "Gateways", "{1FE1CC74-A308-4D8F-A63F-735256EDE6D8}"
EndProject
Project("{9A19103F-16F7-4668-BE54-9A1E7A4F7556}") = "Application", "Services\Forms\Application\Application.csproj", "{AF12D508-FBD0-4E60-8076-1B64B4F976AE}"
EndProject
Project("{9A19103F-16F7-4668-BE54-9A1E7A4F7556}") = "Infrastructure", "Services\Forms\Infrastructure\Infrastructure.csproj", "{EB878EE3-8903-4701-8204-6E123DD9A001}"
EndProject
Project("{9A19103F-16F7-4668-BE54-9A1E7A4F7556}") = "Domain", "Services\Forms\Domain\Domain.csproj", "{D7D59AA8-3D66-4924-9356-F6FD89BD982A}"
EndProject
Project("{9A19103F-16F7-4668-BE54-9A1E7A4F7556}") = "Presentation", "Services\Forms\Presentation\Presentation.csproj", "{66E190CE-5E25-4408-B87F-012386CA90C8}"
EndProject
Project("{2150E333-8FDC-42A3-9474-1A3956D46DE8}") = "Containers", "Containers", "{F06FE088-9C83-41D7-B359-5A82613F5C4B}"
EndProject
Project("{9A19103F-16F7-4668-BE54-9A1E7A4F7556}") = "API", "Services\Containers\API\API.csproj", "{B6197CB7-7752-4F6C-B4D0-1E381D84A75C}"
EndProject
Project("{2150E333-8FDC-42A3-9474-1A3956D46DE8}") = "Links", "Links", "{6D007F11-856C-460C-A9CA-992378F8108F}"
EndProject
Project("{9A19103F-16F7-4668-BE54-9A1E7A4F7556}") = "Links.API", "Services\Links\Links.API\Links.API.csproj", "{B1741F9A-99B2-4215-BD9B-55FA36221F87}"
EndProject
Project("{9A19103F-16F7-4668-BE54-9A1E7A4F7556}") = "Links.BusinessLogic", "Services\Links\Links.DataAccess\Links.BusinessLogic.csproj", "{99BFA414-1561-4798-925F-DA62A20F14A0}"
EndProject
Project("{9A19103F-16F7-4668-BE54-9A1E7A4F7556}") = "Links.Utilities", "Services\Links\Links.Models\Links.Utilities.csproj", "{A0D34F53-9FAB-4C8A-8CB1-39DF62CF07A3}"
EndProject
Project("{2150E333-8FDC-42A3-9474-1A3956D46DE8}") = "Databases", "Databases", "{16740054-4369-4F7F-9565-2356C3971EBA}"
EndProject
Project("{00D1A9C2-B5F0-4AF3-8072-F6C62B433612}") = "Links.Database", "Databases\Links.Database\Links.Database.sqlproj", "{4A19FA9C-B621-47C8-BE98-DE7CFCAC1EA8}"
EndProject
Project("{2150E333-8FDC-42A3-9474-1A3956D46DE8}") = "LiveChat", "LiveChat", "{CACE9D51-C77A-45E5-8558-18BA8AFCECE8}"
EndProject
Project("{2150E333-8FDC-42A3-9474-1A3956D46DE8}") = "Analytics", "Analytics", "{06F33DFD-3B89-4C24-A213-5F3ED38E186F}"
EndProject
Project("{9A19103F-16F7-4668-BE54-9A1E7A4F7556}") = "Analytics.BusinessLogic", "Services\Analytics\Analytics.DataAccess\Analytics.BusinessLogic.csproj", "{2B2E0447-453D-4408-B505-EC320BFDB178}"
EndProject
Project("{9A19103F-16F7-4668-BE54-9A1E7A4F7556}") = "Analytics.API", "Services\Analytics\Analytics.API\Analytics.API.csproj", "{875EEAA1-73F3-429F-99E6-9DFF89D3F824}"
EndProject
Project("{9A19103F-16F7-4668-BE54-9A1E7A4F7556}") = "Analytics.Utilities", "Services\Analytics\Analytics.Utilities\Analytics.Utilities.csproj", "{6B2D846E-C9A9-4239-9FE3-3D8533EC9279}"
EndProject
Project("{2150E333-8FDC-42A3-9474-1A3956D46DE8}") = "Identity", "Identity", "{834750B3-4B66-482B-9A6F-C5307DE62707}"
EndProject
Project("{9A19103F-16F7-4668-BE54-9A1E7A4F7556}") = "Identity.API", "Services\Identity\Identity.API\Identity.API.csproj", "{67DBC98D-4CC7-4E4D-A24D-0DAAF7084370}"
EndProject
Project("{9A19103F-16F7-4668-BE54-9A1E7A4F7556}") = "Identity.BusinessLogic", "Services\Identity\Identity.BusinessLogic\Identity.BusinessLogic.csproj", "{AB709804-5242-4A24-979C-2593BD03597E}"
EndProject
Project("{FAE04EC0-301F-11D3-BF4B-00C04F79EFBC}") = "Presentation", "Services\LiveChat\Presentation\Presentation.csproj", "{CF8A40E8-9227-4F05-B5D5-CE453166E5AF}"
EndProject
Project("{FAE04EC0-301F-11D3-BF4B-00C04F79EFBC}") = "Domain", "Services\LiveChat\Domain\Domain.csproj", "{9A417F86-7161-4EC3-A5DA-4986D70EB20B}"
EndProject
Project("{FAE04EC0-301F-11D3-BF4B-00C04F79EFBC}") = "Application", "Services\LiveChat\Application\Application.csproj", "{85F9236F-681C-438E-98EA-3E5987D19AAD}"
EndProject
Project("{FAE04EC0-301F-11D3-BF4B-00C04F79EFBC}") = "Infrastructure", "Infrastructure\Infrastructure.csproj", "{27159BFE-FFC9-4C12-8264-4C3FE6C87DB2}"
EndProject
Project("{2150E333-8FDC-42A3-9474-1A3956D46DE8}") = "Payments", "Payments", "{8CD68E1A-600E-41A7-AD3B-2DA294453538}"
EndProject
Project("{FAE04EC0-301F-11D3-BF4B-00C04F79EFBC}") = "Payments.API", "Services\Payments\Payments.API\Payments.API.csproj", "{5B2D5F15-C816-4E61-B30F-8C7626A43907}"
EndProject
Project("{FAE04EC0-301F-11D3-BF4B-00C04F79EFBC}") = "Gateway.Core", "Gateways\Gateway.Core\Gateway.Core.csproj", "{B0AE7152-5E32-438D-9F5B-5E5260376366}"
EndProject
Project("{FAE04EC0-301F-11D3-BF4B-00C04F79EFBC}") = "Client.Web", "Clients\Client.Web\Client.Web.csproj", "{F28E6E76-9587-4243-9B74-379E68951E2D}"
EndProject
Project("{FAE04EC0-301F-11D3-BF4B-00C04F79EFBC}") = "Clients.Web.Components", "Clients\Clients.Web.Components\Clients.Web.Components.csproj", "{1B00A405-AD10-484E-8F9C-B4A7C61E8E38}"
EndProject
Global
	GlobalSection(SolutionConfigurationPlatforms) = preSolution
		Debug|Any CPU = Debug|Any CPU
		Release|Any CPU = Release|Any CPU
	EndGlobalSection
	GlobalSection(ProjectConfigurationPlatforms) = postSolution
		{AF12D508-FBD0-4E60-8076-1B64B4F976AE}.Debug|Any CPU.ActiveCfg = Debug|Any CPU
		{AF12D508-FBD0-4E60-8076-1B64B4F976AE}.Debug|Any CPU.Build.0 = Debug|Any CPU
		{AF12D508-FBD0-4E60-8076-1B64B4F976AE}.Release|Any CPU.ActiveCfg = Release|Any CPU
		{AF12D508-FBD0-4E60-8076-1B64B4F976AE}.Release|Any CPU.Build.0 = Release|Any CPU
		{EB878EE3-8903-4701-8204-6E123DD9A001}.Debug|Any CPU.ActiveCfg = Debug|Any CPU
		{EB878EE3-8903-4701-8204-6E123DD9A001}.Debug|Any CPU.Build.0 = Debug|Any CPU
		{EB878EE3-8903-4701-8204-6E123DD9A001}.Release|Any CPU.ActiveCfg = Release|Any CPU
		{EB878EE3-8903-4701-8204-6E123DD9A001}.Release|Any CPU.Build.0 = Release|Any CPU
		{D7D59AA8-3D66-4924-9356-F6FD89BD982A}.Debug|Any CPU.ActiveCfg = Debug|Any CPU
		{D7D59AA8-3D66-4924-9356-F6FD89BD982A}.Debug|Any CPU.Build.0 = Debug|Any CPU
		{D7D59AA8-3D66-4924-9356-F6FD89BD982A}.Release|Any CPU.ActiveCfg = Release|Any CPU
		{D7D59AA8-3D66-4924-9356-F6FD89BD982A}.Release|Any CPU.Build.0 = Release|Any CPU
		{66E190CE-5E25-4408-B87F-012386CA90C8}.Debug|Any CPU.ActiveCfg = Debug|Any CPU
		{66E190CE-5E25-4408-B87F-012386CA90C8}.Debug|Any CPU.Build.0 = Debug|Any CPU
		{66E190CE-5E25-4408-B87F-012386CA90C8}.Release|Any CPU.ActiveCfg = Release|Any CPU
		{66E190CE-5E25-4408-B87F-012386CA90C8}.Release|Any CPU.Build.0 = Release|Any CPU
		{B6197CB7-7752-4F6C-B4D0-1E381D84A75C}.Debug|Any CPU.ActiveCfg = Debug|Any CPU
		{B6197CB7-7752-4F6C-B4D0-1E381D84A75C}.Debug|Any CPU.Build.0 = Debug|Any CPU
		{B6197CB7-7752-4F6C-B4D0-1E381D84A75C}.Release|Any CPU.ActiveCfg = Release|Any CPU
		{B6197CB7-7752-4F6C-B4D0-1E381D84A75C}.Release|Any CPU.Build.0 = Release|Any CPU
		{B1741F9A-99B2-4215-BD9B-55FA36221F87}.Debug|Any CPU.ActiveCfg = Debug|Any CPU
		{B1741F9A-99B2-4215-BD9B-55FA36221F87}.Debug|Any CPU.Build.0 = Debug|Any CPU
		{B1741F9A-99B2-4215-BD9B-55FA36221F87}.Release|Any CPU.ActiveCfg = Release|Any CPU
		{B1741F9A-99B2-4215-BD9B-55FA36221F87}.Release|Any CPU.Build.0 = Release|Any CPU
		{99BFA414-1561-4798-925F-DA62A20F14A0}.Debug|Any CPU.ActiveCfg = Debug|Any CPU
		{99BFA414-1561-4798-925F-DA62A20F14A0}.Debug|Any CPU.Build.0 = Debug|Any CPU
		{99BFA414-1561-4798-925F-DA62A20F14A0}.Release|Any CPU.ActiveCfg = Release|Any CPU
		{99BFA414-1561-4798-925F-DA62A20F14A0}.Release|Any CPU.Build.0 = Release|Any CPU
		{A0D34F53-9FAB-4C8A-8CB1-39DF62CF07A3}.Debug|Any CPU.ActiveCfg = Debug|Any CPU
		{A0D34F53-9FAB-4C8A-8CB1-39DF62CF07A3}.Debug|Any CPU.Build.0 = Debug|Any CPU
		{A0D34F53-9FAB-4C8A-8CB1-39DF62CF07A3}.Release|Any CPU.ActiveCfg = Release|Any CPU
		{A0D34F53-9FAB-4C8A-8CB1-39DF62CF07A3}.Release|Any CPU.Build.0 = Release|Any CPU
		{4A19FA9C-B621-47C8-BE98-DE7CFCAC1EA8}.Debug|Any CPU.ActiveCfg = Debug|Any CPU
		{4A19FA9C-B621-47C8-BE98-DE7CFCAC1EA8}.Debug|Any CPU.Build.0 = Debug|Any CPU
		{4A19FA9C-B621-47C8-BE98-DE7CFCAC1EA8}.Debug|Any CPU.Deploy.0 = Debug|Any CPU
		{4A19FA9C-B621-47C8-BE98-DE7CFCAC1EA8}.Release|Any CPU.ActiveCfg = Release|Any CPU
		{4A19FA9C-B621-47C8-BE98-DE7CFCAC1EA8}.Release|Any CPU.Build.0 = Release|Any CPU
		{4A19FA9C-B621-47C8-BE98-DE7CFCAC1EA8}.Release|Any CPU.Deploy.0 = Release|Any CPU
		{2B2E0447-453D-4408-B505-EC320BFDB178}.Debug|Any CPU.ActiveCfg = Debug|Any CPU
		{2B2E0447-453D-4408-B505-EC320BFDB178}.Debug|Any CPU.Build.0 = Debug|Any CPU
		{2B2E0447-453D-4408-B505-EC320BFDB178}.Release|Any CPU.ActiveCfg = Release|Any CPU
		{2B2E0447-453D-4408-B505-EC320BFDB178}.Release|Any CPU.Build.0 = Release|Any CPU
		{875EEAA1-73F3-429F-99E6-9DFF89D3F824}.Debug|Any CPU.ActiveCfg = Debug|Any CPU
		{875EEAA1-73F3-429F-99E6-9DFF89D3F824}.Debug|Any CPU.Build.0 = Debug|Any CPU
		{875EEAA1-73F3-429F-99E6-9DFF89D3F824}.Release|Any CPU.ActiveCfg = Release|Any CPU
		{875EEAA1-73F3-429F-99E6-9DFF89D3F824}.Release|Any CPU.Build.0 = Release|Any CPU
		{6B2D846E-C9A9-4239-9FE3-3D8533EC9279}.Debug|Any CPU.ActiveCfg = Debug|Any CPU
		{6B2D846E-C9A9-4239-9FE3-3D8533EC9279}.Debug|Any CPU.Build.0 = Debug|Any CPU
		{6B2D846E-C9A9-4239-9FE3-3D8533EC9279}.Release|Any CPU.ActiveCfg = Release|Any CPU
		{6B2D846E-C9A9-4239-9FE3-3D8533EC9279}.Release|Any CPU.Build.0 = Release|Any CPU
		{67DBC98D-4CC7-4E4D-A24D-0DAAF7084370}.Debug|Any CPU.ActiveCfg = Debug|Any CPU
		{67DBC98D-4CC7-4E4D-A24D-0DAAF7084370}.Debug|Any CPU.Build.0 = Debug|Any CPU
		{67DBC98D-4CC7-4E4D-A24D-0DAAF7084370}.Release|Any CPU.ActiveCfg = Release|Any CPU
		{67DBC98D-4CC7-4E4D-A24D-0DAAF7084370}.Release|Any CPU.Build.0 = Release|Any CPU
		{AB709804-5242-4A24-979C-2593BD03597E}.Debug|Any CPU.ActiveCfg = Debug|Any CPU
		{AB709804-5242-4A24-979C-2593BD03597E}.Debug|Any CPU.Build.0 = Debug|Any CPU
		{AB709804-5242-4A24-979C-2593BD03597E}.Release|Any CPU.ActiveCfg = Release|Any CPU
		{AB709804-5242-4A24-979C-2593BD03597E}.Release|Any CPU.Build.0 = Release|Any CPU
		{CF8A40E8-9227-4F05-B5D5-CE453166E5AF}.Debug|Any CPU.ActiveCfg = Debug|Any CPU
		{CF8A40E8-9227-4F05-B5D5-CE453166E5AF}.Debug|Any CPU.Build.0 = Debug|Any CPU
		{CF8A40E8-9227-4F05-B5D5-CE453166E5AF}.Release|Any CPU.ActiveCfg = Release|Any CPU
		{CF8A40E8-9227-4F05-B5D5-CE453166E5AF}.Release|Any CPU.Build.0 = Release|Any CPU
		{9A417F86-7161-4EC3-A5DA-4986D70EB20B}.Debug|Any CPU.ActiveCfg = Debug|Any CPU
		{9A417F86-7161-4EC3-A5DA-4986D70EB20B}.Debug|Any CPU.Build.0 = Debug|Any CPU
		{9A417F86-7161-4EC3-A5DA-4986D70EB20B}.Release|Any CPU.ActiveCfg = Release|Any CPU
		{9A417F86-7161-4EC3-A5DA-4986D70EB20B}.Release|Any CPU.Build.0 = Release|Any CPU
		{85F9236F-681C-438E-98EA-3E5987D19AAD}.Debug|Any CPU.ActiveCfg = Debug|Any CPU
		{85F9236F-681C-438E-98EA-3E5987D19AAD}.Debug|Any CPU.Build.0 = Debug|Any CPU
		{85F9236F-681C-438E-98EA-3E5987D19AAD}.Release|Any CPU.ActiveCfg = Release|Any CPU
		{85F9236F-681C-438E-98EA-3E5987D19AAD}.Release|Any CPU.Build.0 = Release|Any CPU
		{27159BFE-FFC9-4C12-8264-4C3FE6C87DB2}.Debug|Any CPU.ActiveCfg = Debug|Any CPU
		{27159BFE-FFC9-4C12-8264-4C3FE6C87DB2}.Debug|Any CPU.Build.0 = Debug|Any CPU
		{27159BFE-FFC9-4C12-8264-4C3FE6C87DB2}.Release|Any CPU.ActiveCfg = Release|Any CPU
		{27159BFE-FFC9-4C12-8264-4C3FE6C87DB2}.Release|Any CPU.Build.0 = Release|Any CPU
		{5B2D5F15-C816-4E61-B30F-8C7626A43907}.Debug|Any CPU.ActiveCfg = Debug|Any CPU
		{5B2D5F15-C816-4E61-B30F-8C7626A43907}.Debug|Any CPU.Build.0 = Debug|Any CPU
		{5B2D5F15-C816-4E61-B30F-8C7626A43907}.Release|Any CPU.ActiveCfg = Release|Any CPU
		{5B2D5F15-C816-4E61-B30F-8C7626A43907}.Release|Any CPU.Build.0 = Release|Any CPU
		{B0AE7152-5E32-438D-9F5B-5E5260376366}.Debug|Any CPU.ActiveCfg = Debug|Any CPU
		{B0AE7152-5E32-438D-9F5B-5E5260376366}.Debug|Any CPU.Build.0 = Debug|Any CPU
		{B0AE7152-5E32-438D-9F5B-5E5260376366}.Release|Any CPU.ActiveCfg = Release|Any CPU
		{B0AE7152-5E32-438D-9F5B-5E5260376366}.Release|Any CPU.Build.0 = Release|Any CPU
		{F28E6E76-9587-4243-9B74-379E68951E2D}.Debug|Any CPU.ActiveCfg = Debug|Any CPU
		{F28E6E76-9587-4243-9B74-379E68951E2D}.Debug|Any CPU.Build.0 = Debug|Any CPU
		{F28E6E76-9587-4243-9B74-379E68951E2D}.Release|Any CPU.ActiveCfg = Release|Any CPU
		{F28E6E76-9587-4243-9B74-379E68951E2D}.Release|Any CPU.Build.0 = Release|Any CPU
		{1B00A405-AD10-484E-8F9C-B4A7C61E8E38}.Debug|Any CPU.ActiveCfg = Debug|Any CPU
		{1B00A405-AD10-484E-8F9C-B4A7C61E8E38}.Debug|Any CPU.Build.0 = Debug|Any CPU
		{1B00A405-AD10-484E-8F9C-B4A7C61E8E38}.Release|Any CPU.ActiveCfg = Release|Any CPU
		{1B00A405-AD10-484E-8F9C-B4A7C61E8E38}.Release|Any CPU.Build.0 = Release|Any CPU
	EndGlobalSection
	GlobalSection(SolutionProperties) = preSolution
		HideSolutionNode = FALSE
	EndGlobalSection
	GlobalSection(NestedProjects) = preSolution
		{CB56AE69-BE1D-44B7-98E9-D7FF2AE89AAE} = {EEA84132-EB33-4865-AD30-CB3AC5D749D5}
		{AF12D508-FBD0-4E60-8076-1B64B4F976AE} = {CB56AE69-BE1D-44B7-98E9-D7FF2AE89AAE}
		{EB878EE3-8903-4701-8204-6E123DD9A001} = {CB56AE69-BE1D-44B7-98E9-D7FF2AE89AAE}
		{D7D59AA8-3D66-4924-9356-F6FD89BD982A} = {CB56AE69-BE1D-44B7-98E9-D7FF2AE89AAE}
		{66E190CE-5E25-4408-B87F-012386CA90C8} = {CB56AE69-BE1D-44B7-98E9-D7FF2AE89AAE}
		{F06FE088-9C83-41D7-B359-5A82613F5C4B} = {EEA84132-EB33-4865-AD30-CB3AC5D749D5}
		{B6197CB7-7752-4F6C-B4D0-1E381D84A75C} = {F06FE088-9C83-41D7-B359-5A82613F5C4B}
		{6D007F11-856C-460C-A9CA-992378F8108F} = {EEA84132-EB33-4865-AD30-CB3AC5D749D5}
		{B1741F9A-99B2-4215-BD9B-55FA36221F87} = {6D007F11-856C-460C-A9CA-992378F8108F}
		{99BFA414-1561-4798-925F-DA62A20F14A0} = {6D007F11-856C-460C-A9CA-992378F8108F}
		{A0D34F53-9FAB-4C8A-8CB1-39DF62CF07A3} = {6D007F11-856C-460C-A9CA-992378F8108F}
		{4A19FA9C-B621-47C8-BE98-DE7CFCAC1EA8} = {16740054-4369-4F7F-9565-2356C3971EBA}
		{CACE9D51-C77A-45E5-8558-18BA8AFCECE8} = {EEA84132-EB33-4865-AD30-CB3AC5D749D5}
		{06F33DFD-3B89-4C24-A213-5F3ED38E186F} = {EEA84132-EB33-4865-AD30-CB3AC5D749D5}
		{2B2E0447-453D-4408-B505-EC320BFDB178} = {06F33DFD-3B89-4C24-A213-5F3ED38E186F}
		{875EEAA1-73F3-429F-99E6-9DFF89D3F824} = {06F33DFD-3B89-4C24-A213-5F3ED38E186F}
		{6B2D846E-C9A9-4239-9FE3-3D8533EC9279} = {06F33DFD-3B89-4C24-A213-5F3ED38E186F}
		{834750B3-4B66-482B-9A6F-C5307DE62707} = {EEA84132-EB33-4865-AD30-CB3AC5D749D5}
		{67DBC98D-4CC7-4E4D-A24D-0DAAF7084370} = {834750B3-4B66-482B-9A6F-C5307DE62707}
		{AB709804-5242-4A24-979C-2593BD03597E} = {834750B3-4B66-482B-9A6F-C5307DE62707}
		{CF8A40E8-9227-4F05-B5D5-CE453166E5AF} = {CACE9D51-C77A-45E5-8558-18BA8AFCECE8}
		{9A417F86-7161-4EC3-A5DA-4986D70EB20B} = {CACE9D51-C77A-45E5-8558-18BA8AFCECE8}
		{85F9236F-681C-438E-98EA-3E5987D19AAD} = {CACE9D51-C77A-45E5-8558-18BA8AFCECE8}
		{27159BFE-FFC9-4C12-8264-4C3FE6C87DB2} = {CACE9D51-C77A-45E5-8558-18BA8AFCECE8}
		{8CD68E1A-600E-41A7-AD3B-2DA294453538} = {EEA84132-EB33-4865-AD30-CB3AC5D749D5}
		{5B2D5F15-C816-4E61-B30F-8C7626A43907} = {8CD68E1A-600E-41A7-AD3B-2DA294453538}
		{B0AE7152-5E32-438D-9F5B-5E5260376366} = {1FE1CC74-A308-4D8F-A63F-735256EDE6D8}
		{F28E6E76-9587-4243-9B74-379E68951E2D} = {5327718E-AA54-4ABF-AE12-57F2E2DD907C}
		{1B00A405-AD10-484E-8F9C-B4A7C61E8E38} = {5327718E-AA54-4ABF-AE12-57F2E2DD907C}
	EndGlobalSection
	GlobalSection(ExtensibilityGlobals) = postSolution
		SolutionGuid = {7B55007A-667E-4B6C-8191-2B44D3B586F5}
	EndGlobalSection
EndGlobal
